
Microsoft Visual Studio Solution File, Format Version 12.00
# Visual Studio Version 16
VisualStudioVersion = 16.0.30523.141
MinimumVisualStudioVersion = 15.0.26124.0
Project("{9A19103F-16F7-4668-BE54-9A1E7A4F7556}") = "GeoTiffElevation.Api", "src\GeoTiffElevation.Api\GeoTiffElevation.Api.csproj", "{88FA7A3C-EEF9-4DEB-ACE9-9887BCED0551}"
EndProject
Project("{9A19103F-16F7-4668-BE54-9A1E7A4F7556}") = "GeoTiffElevation.Console", "src\GeoTiffElevation.Console\GeoTiffElevation.Console.csproj", "{EABE95CC-5569-403C-A0EC-251D2C2B2ABB}"
EndProject
Global
	GlobalSection(SolutionConfigurationPlatforms) = preSolution
		Debug|Any CPU = Debug|Any CPU
		Debug|x64 = Debug|x64
		Debug|x86 = Debug|x86
		Release|Any CPU = Release|Any CPU
		Release|x64 = Release|x64
		Release|x86 = Release|x86
	EndGlobalSection
	GlobalSection(ProjectConfigurationPlatforms) = postSolution
		{88FA7A3C-EEF9-4DEB-ACE9-9887BCED0551}.Debug|Any CPU.ActiveCfg = Debug|Any CPU
		{88FA7A3C-EEF9-4DEB-ACE9-9887BCED0551}.Debug|Any CPU.Build.0 = Debug|Any CPU
		{88FA7A3C-EEF9-4DEB-ACE9-9887BCED0551}.Debug|x64.ActiveCfg = Debug|Any CPU
		{88FA7A3C-EEF9-4DEB-ACE9-9887BCED0551}.Debug|x64.Build.0 = Debug|Any CPU
		{88FA7A3C-EEF9-4DEB-ACE9-9887BCED0551}.Debug|x86.ActiveCfg = Debug|Any CPU
		{88FA7A3C-EEF9-4DEB-ACE9-9887BCED0551}.Debug|x86.Build.0 = Debug|Any CPU
		{88FA7A3C-EEF9-4DEB-ACE9-9887BCED0551}.Release|Any CPU.ActiveCfg = Release|Any CPU
		{88FA7A3C-EEF9-4DEB-ACE9-9887BCED0551}.Release|Any CPU.Build.0 = Release|Any CPU
		{88FA7A3C-EEF9-4DEB-ACE9-9887BCED0551}.Release|x64.ActiveCfg = Release|Any CPU
		{88FA7A3C-EEF9-4DEB-ACE9-9887BCED0551}.Release|x64.Build.0 = Release|Any CPU
		{88FA7A3C-EEF9-4DEB-ACE9-9887BCED0551}.Release|x86.ActiveCfg = Release|Any CPU
		{88FA7A3C-EEF9-4DEB-ACE9-9887BCED0551}.Release|x86.Build.0 = Release|Any CPU
		{EABE95CC-5569-403C-A0EC-251D2C2B2ABB}.Debug|Any CPU.ActiveCfg = Debug|Any CPU
		{EABE95CC-5569-403C-A0EC-251D2C2B2ABB}.Debug|Any CPU.Build.0 = Debug|Any CPU
		{EABE95CC-5569-403C-A0EC-251D2C2B2ABB}.Debug|x64.ActiveCfg = Debug|Any CPU
		{EABE95CC-5569-403C-A0EC-251D2C2B2ABB}.Debug|x64.Build.0 = Debug|Any CPU
		{EABE95CC-5569-403C-A0EC-251D2C2B2ABB}.Debug|x86.ActiveCfg = Debug|Any CPU
		{EABE95CC-5569-403C-A0EC-251D2C2B2ABB}.Debug|x86.Build.0 = Debug|Any CPU
		{EABE95CC-5569-403C-A0EC-251D2C2B2ABB}.Release|Any CPU.ActiveCfg = Release|Any CPU
		{EABE95CC-5569-403C-A0EC-251D2C2B2ABB}.Release|Any CPU.Build.0 = Release|Any CPU
		{EABE95CC-5569-403C-A0EC-251D2C2B2ABB}.Release|x64.ActiveCfg = Release|Any CPU
		{EABE95CC-5569-403C-A0EC-251D2C2B2ABB}.Release|x64.Build.0 = Release|Any CPU
		{EABE95CC-5569-403C-A0EC-251D2C2B2ABB}.Release|x86.ActiveCfg = Release|Any CPU
		{EABE95CC-5569-403C-A0EC-251D2C2B2ABB}.Release|x86.Build.0 = Release|Any CPU
	EndGlobalSection
	GlobalSection(SolutionProperties) = preSolution
		HideSolutionNode = FALSE
	EndGlobalSection
	GlobalSection(ExtensibilityGlobals) = postSolution
		SolutionGuid = {3454F30C-A95E-4D81-8976-832644826DA1}
	EndGlobalSection
EndGlobal
